// !$*UTF8*$!
{
	archiveVersion = 1;
	classes = {
	};
	objectVersion = 77;
	objects = {

/* Begin PBXContainerItemProxy section */
		70DFF1CB2E034872004F4EFF /* PBXContainerItemProxy */ = {
			isa = PBXContainerItemProxy;
			containerPortal = 70DFF1AC2E034871004F4EFF /* Project object */;
			proxyType = 1;
			remoteGlobalIDString = 70DFF1B32E034871004F4EFF;
			remoteInfo = "grint-test";
		};
		70DFF1D52E034872004F4EFF /* PBXContainerItemProxy */ = {
			isa = PBXContainerItemProxy;
			containerPortal = 70DFF1AC2E034871004F4EFF /* Project object */;
			proxyType = 1;
			remoteGlobalIDString = 70DFF1B32E034871004F4EFF;
			remoteInfo = "grint-test";
		};
/* End PBXContainerItemProxy section */

/* Begin PBXFileReference section */
		70DFF1B42E034871004F4EFF /* grint-test.app */ = {isa = PBXFileReference; explicitFileType = wrapper.application; includeInIndex = 0; path = "grint-test.app"; sourceTree = BUILT_PRODUCTS_DIR; };
		70DFF1CA2E034872004F4EFF /* grint-testTests.xctest */ = {isa = PBXFileReference; explicitFileType = wrapper.cfbundle; includeInIndex = 0; path = "grint-testTests.xctest"; sourceTree = BUILT_PRODUCTS_DIR; };
		70DFF1D42E034872004F4EFF /* grint-testUITests.xctest */ = {isa = PBXFileReference; explicitFileType = wrapper.cfbundle; includeInIndex = 0; path = "grint-testUITests.xctest"; sourceTree = BUILT_PRODUCTS_DIR; };
/* End PBXFileReference section */

/* Begin PBXFileSystemSynchronizedBuildFileExceptionSet section */
		70DFF1DC2E034872004F4EFF /* Exceptions for "grint-test" folder in "grint-test" target */ = {
			isa = PBXFileSystemSynchronizedBuildFileExceptionSet;
			membershipExceptions = (
				Info.plist,
			);
			target = 70DFF1B32E034871004F4EFF /* grint-test */;
		};
/* End PBXFileSystemSynchronizedBuildFileExceptionSet section */

/* Begin PBXFileSystemSynchronizedRootGroup section */
		70DFF1B62E034871004F4EFF /* grint-test */ = {
			isa = PBXFileSystemSynchronizedRootGroup;
			exceptions = (
				70DFF1DC2E034872004F4EFF /* Exceptions for "grint-test" folder in "grint-test" target */,
			);
			path = "grint-test";
			sourceTree = "<group>";
		};
		70DFF1CD2E034872004F4EFF /* grint-testTests */ = {
			isa = PBXFileSystemSynchronizedRootGroup;
			path = "grint-testTests";
			sourceTree = "<group>";
		};
		70DFF1D72E034872004F4EFF /* grint-testUITests */ = {
			isa = PBXFileSystemSynchronizedRootGroup;
			path = "grint-testUITests";
			sourceTree = "<group>";
		};
/* End PBXFileSystemSynchronizedRootGroup section */

/* Begin PBXFrameworksBuildPhase section */
		70DFF1B12E034871004F4EFF /* Frameworks */ = {
			isa = PBXFrameworksBuildPhase;
			buildActionMask = 2147483647;
			files = (
			);
			runOnlyForDeploymentPostprocessing = 0;
		};
		70DFF1C72E034872004F4EFF /* Frameworks */ = {
			isa = PBXFrameworksBuildPhase;
			buildActionMask = 2147483647;
			files = (
			);
			runOnlyForDeploymentPostprocessing = 0;
		};
		70DFF1D12E034872004F4EFF /* Frameworks */ = {
			isa = PBXFrameworksBuildPhase;
			buildActionMask = 2147483647;
			files = (
			);
			runOnlyForDeploymentPostprocessing = 0;
		};
/* End PBXFrameworksBuildPhase section */

/* Begin PBXGroup section */
		70DFF1AB2E034871004F4EFF = {
			isa = PBXGroup;
			children = (
				70DFF1B62E034871004F4EFF /* grint-test */,
				70DFF1CD2E034872004F4EFF /* grint-testTests */,
				70DFF1D72E034872004F4EFF /* grint-testUITests */,
				70DFF1B52E034871004F4EFF /* Products */,
			);
			sourceTree = "<group>";
		};
		70DFF1B52E034871004F4EFF /* Products */ = {
			isa = PBXGroup;
			children = (
				70DFF1B42E034871004F4EFF /* grint-test.app */,
				70DFF1CA2E034872004F4EFF /* grint-testTests.xctest */,
				70DFF1D42E034872004F4EFF /* grint-testUITests.xctest */,
			);
			name = Products;
			sourceTree = "<group>";
		};
/* End PBXGroup section */

/* Begin PBXNativeTarget section */
		70DFF1B32E034871004F4EFF /* grint-test */ = {
			isa = PBXNativeTarget;
			buildConfigurationList = 70DFF1DD2E034872004F4EFF /* Build configuration list for PBXNativeTarget "grint-test" */;
			buildPhases = (
				70DFF1B02E034871004F4EFF /* Sources */,
				70DFF1B12E034871004F4EFF /* Frameworks */,
				70DFF1B22E034871004F4EFF /* Resources */,
			);
			buildRules = (
			);
			dependencies = (
			);
			fileSystemSynchronizedGroups = (
				70DFF1B62E034871004F4EFF /* grint-test */,
			);
			name = "grint-test";
			packageProductDependencies = (
			);
			productName = "grint-test";
			productReference = 70DFF1B42E034871004F4EFF /* grint-test.app */;
			productType = "com.apple.product-type.application";
		};
		70DFF1C92E034872004F4EFF /* grint-testTests */ = {
			isa = PBXNativeTarget;
			buildConfigurationList = 70DFF1E22E034872004F4EFF /* Build configuration list for PBXNativeTarget "grint-testTests" */;
			buildPhases = (
				70DFF1C62E034872004F4EFF /* Sources */,
				70DFF1C72E034872004F4EFF /* Frameworks */,
				70DFF1C82E034872004F4EFF /* Resources */,
			);
			buildRules = (
			);
			dependencies = (
				70DFF1CC2E034872004F4EFF /* PBXTargetDependency */,
			);
			fileSystemSynchronizedGroups = (
				70DFF1CD2E034872004F4EFF /* grint-testTests */,
			);
			name = "grint-testTests";
			packageProductDependencies = (
			);
			productName = "grint-testTests";
			productReference = 70DFF1CA2E034872004F4EFF /* grint-testTests.xctest */;
			productType = "com.apple.product-type.bundle.unit-test";
		};
		70DFF1D32E034872004F4EFF /* grint-testUITests */ = {
			isa = PBXNativeTarget;
			buildConfigurationList = 70DFF1E52E034872004F4EFF /* Build configuration list for PBXNativeTarget "grint-testUITests" */;
			buildPhases = (
				70DFF1D02E034872004F4EFF /* Sources */,
				70DFF1D12E034872004F4EFF /* Frameworks */,
				70DFF1D22E034872004F4EFF /* Resources */,
			);
			buildRules = (
			);
			dependencies = (
				70DFF1D62E034872004F4EFF /* PBXTargetDependency */,
			);
			fileSystemSynchronizedGroups = (
				70DFF1D72E034872004F4EFF /* grint-testUITests */,
			);
			name = "grint-testUITests";
			packageProductDependencies = (
			);
			productName = "grint-testUITests";
			productReference = 70DFF1D42E034872004F4EFF /* grint-testUITests.xctest */;
			productType = "com.apple.product-type.bundle.ui-testing";
		};
/* End PBXNativeTarget section */

/* Begin PBXProject section */
		70DFF1AC2E034871004F4EFF /* Project object */ = {
			isa = PBXProject;
			attributes = {
				BuildIndependentTargetsInParallel = 1;
				LastSwiftUpdateCheck = 1640;
				LastUpgradeCheck = 1640;
				TargetAttributes = {
					70DFF1B32E034871004F4EFF = {
						CreatedOnToolsVersion = 16.4;
					};
					70DFF1C92E034872004F4EFF = {
						CreatedOnToolsVersion = 16.4;
						TestTargetID = 70DFF1B32E034871004F4EFF;
					};
					70DFF1D32E034872004F4EFF = {
						CreatedOnToolsVersion = 16.4;
						TestTargetID = 70DFF1B32E034871004F4EFF;
					};
				};
			};
			buildConfigurationList = 70DFF1AF2E034871004F4EFF /* Build configuration list for PBXProject "grint-test" */;
			developmentRegion = en;
			hasScannedForEncodings = 0;
			knownRegions = (
				en,
				Base,
			);
			mainGroup = 70DFF1AB2E034871004F4EFF;
			minimizedProjectReferenceProxies = 1;
			preferredProjectObjectVersion = 77;
			productRefGroup = 70DFF1B52E034871004F4EFF /* Products */;
			projectDirPath = "";
			projectRoot = "";
			targets = (
				70DFF1B32E034871004F4EFF /* grint-test */,
				70DFF1C92E034872004F4EFF /* grint-testTests */,
				70DFF1D32E034872004F4EFF /* grint-testUITests */,
			);
		};
/* End PBXProject section */

/* Begin PBXResourcesBuildPhase section */
		70DFF1B22E034871004F4EFF /* Resources */ = {
			isa = PBXResourcesBuildPhase;
			buildActionMask = 2147483647;
			files = (
			);
			runOnlyForDeploymentPostprocessing = 0;
		};
		70DFF1C82E034872004F4EFF /* Resources */ = {
			isa = PBXResourcesBuildPhase;
			buildActionMask = 2147483647;
			files = (
			);
			runOnlyForDeploymentPostprocessing = 0;
		};
		70DFF1D22E034872004F4EFF /* Resources */ = {
			isa = PBXResourcesBuildPhase;
			buildActionMask = 2147483647;
			files = (
			);
			runOnlyForDeploymentPostprocessing = 0;
		};
/* End PBXResourcesBuildPhase section */

/* Begin PBXSourcesBuildPhase section */
		70DFF1B02E034871004F4EFF /* Sources */ = {
			isa = PBXSourcesBuildPhase;
			buildActionMask = 2147483647;
			files = (
			);
			runOnlyForDeploymentPostprocessing = 0;
		};
		70DFF1C62E034872004F4EFF /* Sources */ = {
			isa = PBXSourcesBuildPhase;
			buildActionMask = 2147483647;
			files = (
			);
			runOnlyForDeploymentPostprocessing = 0;
		};
		70DFF1D02E034872004F4EFF /* Sources */ = {
			isa = PBXSourcesBuildPhase;
			buildActionMask = 2147483647;
			files = (
			);
			runOnlyForDeploymentPostprocessing = 0;
		};
/* End PBXSourcesBuildPhase section */

/* Begin PBXTargetDependency section */
		70DFF1CC2E034872004F4EFF /* PBXTargetDependency */ = {
			isa = PBXTargetDependency;
			target = 70DFF1B32E034871004F4EFF /* grint-test */;
			targetProxy = 70DFF1CB2E034872004F4EFF /* PBXContainerItemProxy */;
		};
		70DFF1D62E034872004F4EFF /* PBXTargetDependency */ = {
			isa = PBXTargetDependency;
			target = 70DFF1B32E034871004F4EFF /* grint-test */;
			targetProxy = 70DFF1D52E034872004F4EFF /* PBXContainerItemProxy */;
		};
/* End PBXTargetDependency section */

/* Begin XCBuildConfiguration section */
		70DFF1DE2E034872004F4EFF /* Debug */ = {
			isa = XCBuildConfiguration;
			buildSettings = {
				ASSETCATALOG_COMPILER_APPICON_NAME = AppIcon;
				ASSETCATALOG_COMPILER_GLOBAL_ACCENT_COLOR_NAME = AccentColor;
				CODE_SIGN_STYLE = Automatic;
				CURRENT_PROJECT_VERSION = 1;
				DEVELOPMENT_TEAM = CZ72376GZR;
				GENERATE_INFOPLIST_FILE = YES;
				INFOPLIST_FILE = "grint-test/Info.plist";
				INFOPLIST_KEY_UIApplicationSupportsIndirectInputEvents = YES;
				INFOPLIST_KEY_UILaunchStoryboardName = LaunchScreen;
				INFOPLIST_KEY_UIMainStoryboardFile = Home;
				INFOPLIST_KEY_UISupportedInterfaceOrientations_iPad = "UIInterfaceOrientationPortrait UIInterfaceOrientationPortraitUpsideDown UIInterfaceOrientationLandscapeLeft UIInterfaceOrientationLandscapeRight";
				INFOPLIST_KEY_UISupportedInterfaceOrientations_iPhone = "UIInterfaceOrientationPortrait UIInterfaceOrientationLandscapeLeft UIInterfaceOrientationLandscapeRight";
				LD_RUNPATH_SEARCH_PATHS = (
					"$(inherited)",
					"@executable_path/Frameworks",
				);
				MARKETING_VERSION = 1.0;
				PRODUCT_BUNDLE_IDENTIFIER = "com.neptali.grint-test";
				PRODUCT_NAME = "$(TARGET_NAME)";
				SWIFT_EMIT_LOC_STRINGS = YES;
				SWIFT_VERSION = 5.0;
				TARGETED_DEVICE_FAMILY = "1,2";
			};
			name = Debug;
		};
		70DFF1DF2E034872004F4EFF /* Release */ = {
			isa = XCBuildConfiguration;
			buildSettings = {
				ASSETCATALOG_COMPILER_APPICON_NAME = AppIcon;
				ASSETCATALOG_COMPILER_GLOBAL_ACCENT_COLOR_NAME = AccentColor;
				CODE_SIGN_STYLE = Automatic;
				CURRENT_PROJECT_VERSION = 1;
				DEVELOPMENT_TEAM = CZ72376GZR;
				GENERATE_INFOPLIST_FILE = YES;
				INFOPLIST_FILE = "grint-test/Info.plist";
				INFOPLIST_KEY_UIApplicationSupportsIndirectInputEvents = YES;
				INFOPLIST_KEY_UILaunchStoryboardName = LaunchScreen;
				INFOPLIST_KEY_UIMainStoryboardFile = Home;
				INFOPLIST_KEY_UISupportedInterfaceOrientations_iPad = "UIInterfaceOrientationPortrait UIInterfaceOrientationPortraitUpsideDown UIInterfaceOrientationLandscapeLeft UIInterfaceOrientationLandscapeRight";
				INFOPLIST_KEY_UISupportedInterfaceOrientations_iPhone = "UIInterfaceOrientationPortrait UIInterfaceOrientationLandscapeLeft UIInterfaceOrientationLandscapeRight";
				LD_RUNPATH_SEARCH_PATHS = (
					"$(inherited)",
					"@executable_path/Frameworks",
				);
				MARKETING_VERSION = 1.0;
				PRODUCT_BUNDLE_IDENTIFIER = "com.neptali.grint-test";
				PRODUCT_NAME = "$(TARGET_NAME)";
				SWIFT_EMIT_LOC_STRINGS = YES;
				SWIFT_VERSION = 5.0;
				TARGETED_DEVICE_FAMILY = "1,2";
			};
			name = Release;
		};
		70DFF1E02E034872004F4EFF /* Debug */ = {
			isa = XCBuildConfiguration;
			buildSettings = {
				ALWAYS_SEARCH_USER_PATHS = NO;
				ASSETCATALOG_COMPILER_GENERATE_SWIFT_ASSET_SYMBOL_EXTENSIONS = YES;
				CLANG_ANALYZER_NONNULL = YES;
				CLANG_ANALYZER_NUMBER_OBJECT_CONVERSION = YES_AGGRESSIVE;
				CLANG_CXX_LANGUAGE_STANDARD = "gnu++20";
				CLANG_ENABLE_MODULES = YES;
				CLANG_ENABLE_OBJC_ARC = YES;
				CLANG_ENABLE_OBJC_WEAK = YES;
				CLANG_WARN_BLOCK_CAPTURE_AUTORELEASING = YES;
				CLANG_WARN_BOOL_CONVERSION = YES;
				CLANG_WARN_COMMA = YES;
				CLANG_WARN_CONSTANT_CONVERSION = YES;
				CLANG_WARN_DEPRECATED_OBJC_IMPLEMENTATIONS = YES;
				CLANG_WARN_DIRECT_OBJC_ISA_USAGE = YES_ERROR;
				CLANG_WARN_DOCUMENTATION_COMMENTS = YES;
				CLANG_WARN_EMPTY_BODY = YES;
				CLANG_WARN_ENUM_CONVERSION = YES;
				CLANG_WARN_INFINITE_RECURSION = YES;
				CLANG_WARN_INT_CONVERSION = YES;
				CLANG_WARN_NON_LITERAL_NULL_CONVERSION = YES;
				CLANG_WARN_OBJC_IMPLICIT_RETAIN_SELF = YES;
				CLANG_WARN_OBJC_LITERAL_CONVERSION = YES;
				CLANG_WARN_OBJC_ROOT_CLASS = YES_ERROR;
				CLANG_WARN_QUOTED_INCLUDE_IN_FRAMEWORK_HEADER = YES;
				CLANG_WARN_RANGE_LOOP_ANALYSIS = YES;
				CLANG_WARN_STRICT_PROTOTYPES = YES;
				CLANG_WARN_SUSPICIOUS_MOVE = YES;
				CLANG_WARN_UNGUARDED_AVAILABILITY = YES_AGGRESSIVE;
				CLANG_WARN_UNREACHABLE_CODE = YES;
				CLANG_WARN__DUPLICATE_METHOD_MATCH = YES;
				COPY_PHASE_STRIP = NO;
				DEBUG_INFORMATION_FORMAT = dwarf;
				DEVELOPMENT_TEAM = CZ72376GZR;
				ENABLE_STRICT_OBJC_MSGSEND = YES;
				ENABLE_TESTABILITY = YES;
				ENABLE_USER_SCRIPT_SANDBOXING = YES;
				GCC_C_LANGUAGE_STANDARD = gnu17;
				GCC_DYNAMIC_NO_PIC = NO;
				GCC_NO_COMMON_BLOCKS = YES;
				GCC_OPTIMIZATION_LEVEL = 0;
				GCC_PREPROCESSOR_DEFINITIONS = (
					"DEBUG=1",
					"$(inherited)",
				);
				GCC_WARN_64_TO_32_BIT_CONVERSION = YES;
				GCC_WARN_ABOUT_RETURN_TYPE = YES_ERROR;
				GCC_WARN_UNDECLARED_SELECTOR = YES;
				GCC_WARN_UNINITIALIZED_AUTOS = YES_AGGRESSIVE;
				GCC_WARN_UNUSED_FUNCTION = YES;
				GCC_WARN_UNUSED_VARIABLE = YES;
				IPHONEOS_DEPLOYMENT_TARGET = 18.5;
				LOCALIZATION_PREFERS_STRING_CATALOGS = YES;
				MTL_ENABLE_DEBUG_INFO = INCLUDE_SOURCE;
				MTL_FAST_MATH = YES;
				ONLY_ACTIVE_ARCH = YES;
				SDKROOT = iphoneos;
				SWIFT_ACTIVE_COMPILATION_CONDITIONS = "DEBUG $(inherited)";
				SWIFT_OPTIMIZATION_LEVEL = "-Onone";
			};
			name = Debug;
		};
		70DFF1E12E034872004F4EFF /* Release */ = {
			isa = XCBuildConfiguration;
			buildSettings = {
				ALWAYS_SEARCH_USER_PATHS = NO;
				ASSETCATALOG_COMPILER_GENERATE_SWIFT_ASSET_SYMBOL_EXTENSIONS = YES;
				CLANG_ANALYZER_NONNULL = YES;
				CLANG_ANALYZER_NUMBER_OBJECT_CONVERSION = YES_AGGRESSIVE;
				CLANG_CXX_LANGUAGE_STANDARD = "gnu++20";
				CLANG_ENABLE_MODULES = YES;
				CLANG_ENABLE_OBJC_ARC = YES;
				CLANG_ENABLE_OBJC_WEAK = YES;
				CLANG_WARN_BLOCK_CAPTURE_AUTORELEASING = YES;
				CLANG_WARN_BOOL_CONVERSION = YES;
				CLANG_WARN_COMMA = YES;
				CLANG_WARN_CONSTANT_CONVERSION = YES;
				CLANG_WARN_DEPRECATED_OBJC_IMPLEMENTATIONS = YES;
				CLANG_WARN_DIRECT_OBJC_ISA_USAGE = YES_ERROR;
				CLANG_WARN_DOCUMENTATION_COMMENTS = YES;
				CLANG_WARN_EMPTY_BODY = YES;
				CLANG_WARN_ENUM_CONVERSION = YES;
				CLANG_WARN_INFINITE_RECURSION = YES;
				CLANG_WARN_INT_CONVERSION = YES;
				CLANG_WARN_NON_LITERAL_NULL_CONVERSION = YES;
				CLANG_WARN_OBJC_IMPLICIT_RETAIN_SELF = YES;
				CLANG_WARN_OBJC_LITERAL_CONVERSION = YES;
				CLANG_WARN_OBJC_ROOT_CLASS = YES_ERROR;
				CLANG_WARN_QUOTED_INCLUDE_IN_FRAMEWORK_HEADER = YES;
				CLANG_WARN_RANGE_LOOP_ANALYSIS = YES;
				CLANG_WARN_STRICT_PROTOTYPES = YES;
				CLANG_WARN_SUSPICIOUS_MOVE = YES;
				CLANG_WARN_UNGUARDED_AVAILABILITY = YES_AGGRESSIVE;
				CLANG_WARN_UNREACHABLE_CODE = YES;
				CLANG_WARN__DUPLICATE_METHOD_MATCH = YES;
				COPY_PHASE_STRIP = NO;
				DEBUG_INFORMATION_FORMAT = "dwarf-with-dsym";
				DEVELOPMENT_TEAM = CZ72376GZR;
				ENABLE_NS_ASSERTIONS = NO;
				ENABLE_STRICT_OBJC_MSGSEND = YES;
				ENABLE_USER_SCRIPT_SANDBOXING = YES;
				GCC_C_LANGUAGE_STANDARD = gnu17;
				GCC_NO_COMMON_BLOCKS = YES;
				GCC_WARN_64_TO_32_BIT_CONVERSION = YES;
				GCC_WARN_ABOUT_RETURN_TYPE = YES_ERROR;
				GCC_WARN_UNDECLARED_SELECTOR = YES;
				GCC_WARN_UNINITIALIZED_AUTOS = YES_AGGRESSIVE;
				GCC_WARN_UNUSED_FUNCTION = YES;
				GCC_WARN_UNUSED_VARIABLE = YES;
				IPHONEOS_DEPLOYMENT_TARGET = 18.5;
				LOCALIZATION_PREFERS_STRING_CATALOGS = YES;
				MTL_ENABLE_DEBUG_INFO = NO;
				MTL_FAST_MATH = YES;
				SDKROOT = iphoneos;
				SWIFT_COMPILATION_MODE = wholemodule;
				VALIDATE_PRODUCT = YES;
			};
			name = Release;
		};
		70DFF1E32E034872004F4EFF /* Debug */ = {
			isa = XCBuildConfiguration;
			buildSettings = {
				BUNDLE_LOADER = "$(TEST_HOST)";
				CODE_SIGN_STYLE = Automatic;
				CURRENT_PROJECT_VERSION = 1;
				DEVELOPMENT_TEAM = CZ72376GZR;
				GENERATE_INFOPLIST_FILE = YES;
				IPHONEOS_DEPLOYMENT_TARGET = 18.5;
				MARKETING_VERSION = 1.0;
				PRODUCT_BUNDLE_IDENTIFIER = "com.neptali.grint-testTests";
				PRODUCT_NAME = "$(TARGET_NAME)";
				SWIFT_EMIT_LOC_STRINGS = NO;
				SWIFT_VERSION = 5.0;
				TARGETED_DEVICE_FAMILY = "1,2";
				TEST_HOST = "$(BUILT_PRODUCTS_DIR)/grint-test.app/$(BUNDLE_EXECUTABLE_FOLDER_PATH)/grint-test";
			};
			name = Debug;
		};
		70DFF1E42E034872004F4EFF /* Release */ = {
			isa = XCBuildConfiguration;
			buildSettings = {
				BUNDLE_LOADER = "$(TEST_HOST)";
				CODE_SIGN_STYLE = Automatic;
				CURRENT_PROJECT_VERSION = 1;
				DEVELOPMENT_TEAM = CZ72376GZR;
				GENERATE_INFOPLIST_FILE = YES;
				IPHONEOS_DEPLOYMENT_TARGET = 18.5;
				MARKETING_VERSION = 1.0;
				PRODUCT_BUNDLE_IDENTIFIER = "com.neptali.grint-testTests";
				PRODUCT_NAME = "$(TARGET_NAME)";
				SWIFT_EMIT_LOC_STRINGS = NO;
				SWIFT_VERSION = 5.0;
				TARGETED_DEVICE_FAMILY = "1,2";
				TEST_HOST = "$(BUILT_PRODUCTS_DIR)/grint-test.app/$(BUNDLE_EXECUTABLE_FOLDER_PATH)/grint-test";
			};
			name = Release;
		};
		70DFF1E62E034872004F4EFF /* Debug */ = {
			isa = XCBuildConfiguration;
			buildSettings = {
				CODE_SIGN_STYLE = Automatic;
				CURRENT_PROJECT_VERSION = 1;
				DEVELOPMENT_TEAM = CZ72376GZR;
				GENERATE_INFOPLIST_FILE = YES;
				MARKETING_VERSION = 1.0;
				PRODUCT_BUNDLE_IDENTIFIER = "com.neptali.grint-testUITests";
				PRODUCT_NAME = "$(TARGET_NAME)";
				SWIFT_EMIT_LOC_STRINGS = NO;
				SWIFT_VERSION = 5.0;
				TARGETED_DEVICE_FAMILY = "1,2";
				TEST_TARGET_NAME = "grint-test";
			};
			name = Debug;
		};
		70DFF1E72E034872004F4EFF /* Release */ = {
			isa = XCBuildConfiguration;
			buildSettings = {
				CODE_SIGN_STYLE = Automatic;
				CURRENT_PROJECT_VERSION = 1;
				DEVELOPMENT_TEAM = CZ72376GZR;
				GENERATE_INFOPLIST_FILE = YES;
				MARKETING_VERSION = 1.0;
				PRODUCT_BUNDLE_IDENTIFIER = "com.neptali.grint-testUITests";
				PRODUCT_NAME = "$(TARGET_NAME)";
				SWIFT_EMIT_LOC_STRINGS = NO;
				SWIFT_VERSION = 5.0;
				TARGETED_DEVICE_FAMILY = "1,2";
				TEST_TARGET_NAME = "grint-test";
			};
			name = Release;
		};
/* End XCBuildConfiguration section */

/* Begin XCConfigurationList section */
		70DFF1AF2E034871004F4EFF /* Build configuration list for PBXProject "grint-test" */ = {
			isa = XCConfigurationList;
			buildConfigurations = (
				70DFF1E02E034872004F4EFF /* Debug */,
				70DFF1E12E034872004F4EFF /* Release */,
			);
			defaultConfigurationIsVisible = 0;
			defaultConfigurationName = Release;
		};
		70DFF1DD2E034872004F4EFF /* Build configuration list for PBXNativeTarget "grint-test" */ = {
			isa = XCConfigurationList;
			buildConfigurations = (
				70DFF1DE2E034872004F4EFF /* Debug */,
				70DFF1DF2E034872004F4EFF /* Release */,
			);
			defaultConfigurationIsVisible = 0;
			defaultConfigurationName = Release;
		};
		70DFF1E22E034872004F4EFF /* Build configuration list for PBXNativeTarget "grint-testTests" */ = {
			isa = XCConfigurationList;
			buildConfigurations = (
				70DFF1E32E034872004F4EFF /* Debug */,
				70DFF1E42E034872004F4EFF /* Release */,
			);
			defaultConfigurationIsVisible = 0;
			defaultConfigurationName = Release;
		};
		70DFF1E52E034872004F4EFF /* Build configuration list for PBXNativeTarget "grint-testUITests" */ = {
			isa = XCConfigurationList;
			buildConfigurations = (
				70DFF1E62E034872004F4EFF /* Debug */,
				70DFF1E72E034872004F4EFF /* Release */,
			);
			defaultConfigurationIsVisible = 0;
			defaultConfigurationName = Release;
		};
/* End XCConfigurationList section */
	};
	rootObject = 70DFF1AC2E034871004F4EFF /* Project object */;
}
